
Microsoft Visual Studio Solution File, Format Version 12.00
# Visual Studio Version 17
VisualStudioVersion = 17.12.35728.132
MinimumVisualStudioVersion = 10.0.40219.1
Project("{FAE04EC0-301F-11D3-BF4B-00C04F79EFBC}") = "FlowCommandLine", "FlowCommandLine.csproj", "{B8590B8C-F40D-4569-92BE-622F431BC97F}"
EndProject
Project("{FAE04EC0-301F-11D3-BF4B-00C04F79EFBC}") = "ExampleApp", "..\ExampleApp\ExampleApp.csproj", "{2B49D7A7-199C-4E14-85EC-99ADA51EE14F}"
EndProject
Project("{FAE04EC0-301F-11D3-BF4B-00C04F79EFBC}") = "FlowCommandLineTests", "..\FlowCommandLineTests\FlowCommandLineTests.csproj", "{8532E57B-FAC3-442C-B7B6-D9CDB1841FAE}"
EndProject
Global
	GlobalSection(SolutionConfigurationPlatforms) = preSolution
		Debug|Any CPU = Debug|Any CPU
		Release|Any CPU = Release|Any CPU
	EndGlobalSection
	GlobalSection(ProjectConfigurationPlatforms) = postSolution
		{B8590B8C-F40D-4569-92BE-622F431BC97F}.Debug|Any CPU.ActiveCfg = Debug|Any CPU
		{B8590B8C-F40D-4569-92BE-622F431BC97F}.Debug|Any CPU.Build.0 = Debug|Any CPU
		{B8590B8C-F40D-4569-92BE-622F431BC97F}.Release|Any CPU.ActiveCfg = Release|Any CPU
		{B8590B8C-F40D-4569-92BE-622F431BC97F}.Release|Any CPU.Build.0 = Release|Any CPU
		{2B49D7A7-199C-4E14-85EC-99ADA51EE14F}.Debug|Any CPU.ActiveCfg = Debug|Any CPU
		{2B49D7A7-199C-4E14-85EC-99ADA51EE14F}.Debug|Any CPU.Build.0 = Debug|Any CPU
		{2B49D7A7-199C-4E14-85EC-99ADA51EE14F}.Release|Any CPU.ActiveCfg = Release|Any CPU
		{2B49D7A7-199C-4E14-85EC-99ADA51EE14F}.Release|Any CPU.Build.0 = Release|Any CPU
		{8532E57B-FAC3-442C-B7B6-D9CDB1841FAE}.Debug|Any CPU.ActiveCfg = Debug|Any CPU
		{8532E57B-FAC3-442C-B7B6-D9CDB1841FAE}.Debug|Any CPU.Build.0 = Debug|Any CPU
		{8532E57B-FAC3-442C-B7B6-D9CDB1841FAE}.Release|Any CPU.ActiveCfg = Release|Any CPU
		{8532E57B-FAC3-442C-B7B6-D9CDB1841FAE}.Release|Any CPU.Build.0 = Release|Any CPU
	EndGlobalSection
	GlobalSection(SolutionProperties) = preSolution
		HideSolutionNode = FALSE
	EndGlobalSection
	GlobalSection(ExtensibilityGlobals) = postSolution
		SolutionGuid = {3A2CB760-CA40-4633-841D-7A40372FAC36}
	EndGlobalSection
EndGlobal
